
Microsoft Visual Studio Solution File, Format Version 12.00
# Visual Studio Version 16
VisualStudioVersion = 16.0.32413.511
MinimumVisualStudioVersion = 10.0.40219.1
Project("{FAE04EC0-301F-11D3-BF4B-00C04F79EFBC}") = "Programacion2", "Programacion2\Programacion2.csproj", "{990DFCEE-1D5A-45FA-B7DA-0FA96B21B7D1}"
EndProject
Project("{FAE04EC0-301F-11D3-BF4B-00C04F79EFBC}") = "Domain", "Domain\Domain.csproj", "{A2C4DCC6-976E-471C-965F-F640749175AA}"
EndProject
Project("{FAE04EC0-301F-11D3-BF4B-00C04F79EFBC}") = "Infraestructure", "Infraestructure\Infraestructure.csproj", "{DD76B1E6-C114-42C0-8F34-20B7575FA047}"
EndProject
Global
	GlobalSection(SolutionConfigurationPlatforms) = preSolution
		Debug|Any CPU = Debug|Any CPU
		Release|Any CPU = Release|Any CPU
	EndGlobalSection
	GlobalSection(ProjectConfigurationPlatforms) = postSolution
		{990DFCEE-1D5A-45FA-B7DA-0FA96B21B7D1}.Debug|Any CPU.ActiveCfg = Debug|Any CPU
		{990DFCEE-1D5A-45FA-B7DA-0FA96B21B7D1}.Debug|Any CPU.Build.0 = Debug|Any CPU
		{990DFCEE-1D5A-45FA-B7DA-0FA96B21B7D1}.Release|Any CPU.ActiveCfg = Release|Any CPU
		{990DFCEE-1D5A-45FA-B7DA-0FA96B21B7D1}.Release|Any CPU.Build.0 = Release|Any CPU
		{A2C4DCC6-976E-471C-965F-F640749175AA}.Debug|Any CPU.ActiveCfg = Debug|Any CPU
		{A2C4DCC6-976E-471C-965F-F640749175AA}.Debug|Any CPU.Build.0 = Debug|Any CPU
		{A2C4DCC6-976E-471C-965F-F640749175AA}.Release|Any CPU.ActiveCfg = Release|Any CPU
		{A2C4DCC6-976E-471C-965F-F640749175AA}.Release|Any CPU.Build.0 = Release|Any CPU
		{DD76B1E6-C114-42C0-8F34-20B7575FA047}.Debug|Any CPU.ActiveCfg = Debug|Any CPU
		{DD76B1E6-C114-42C0-8F34-20B7575FA047}.Debug|Any CPU.Build.0 = Debug|Any CPU
		{DD76B1E6-C114-42C0-8F34-20B7575FA047}.Release|Any CPU.ActiveCfg = Release|Any CPU
		{DD76B1E6-C114-42C0-8F34-20B7575FA047}.Release|Any CPU.Build.0 = Release|Any CPU
	EndGlobalSection
	GlobalSection(SolutionProperties) = preSolution
		HideSolutionNode = FALSE
	EndGlobalSection
	GlobalSection(ExtensibilityGlobals) = postSolution
		SolutionGuid = {5F8AF7BD-22CA-44BA-A3CA-014276B34D33}
	EndGlobalSection
EndGlobal
