
Microsoft Visual Studio Solution File, Format Version 12.00
# Visual Studio Version 16
VisualStudioVersion = 16.0.32413.511
MinimumVisualStudioVersion = 10.0.40219.1
Project("{FAE04EC0-301F-11D3-BF4B-00C04F79EFBC}") = "Programacion2", "Programacion2\Programacion2.csproj", "{990DFCEE-1D5A-45FA-B7DA-0FA96B21B7D1}"
EndProject
Project("{FAE04EC0-301F-11D3-BF4B-00C04F79EFBC}") = "ProgDomain", "ProgDomain\ProgDomain.csproj", "{8F44C559-1CD0-4CB6-91CD-AD7004CBCB1F}"
EndProject
Global
	GlobalSection(SolutionConfigurationPlatforms) = preSolution
		Debug|Any CPU = Debug|Any CPU
		Release|Any CPU = Release|Any CPU
	EndGlobalSection
	GlobalSection(ProjectConfigurationPlatforms) = postSolution
		{990DFCEE-1D5A-45FA-B7DA-0FA96B21B7D1}.Debug|Any CPU.ActiveCfg = Debug|Any CPU
		{990DFCEE-1D5A-45FA-B7DA-0FA96B21B7D1}.Debug|Any CPU.Build.0 = Debug|Any CPU
		{990DFCEE-1D5A-45FA-B7DA-0FA96B21B7D1}.Release|Any CPU.ActiveCfg = Release|Any CPU
		{990DFCEE-1D5A-45FA-B7DA-0FA96B21B7D1}.Release|Any CPU.Build.0 = Release|Any CPU
		{8F44C559-1CD0-4CB6-91CD-AD7004CBCB1F}.Debug|Any CPU.ActiveCfg = Debug|Any CPU
		{8F44C559-1CD0-4CB6-91CD-AD7004CBCB1F}.Debug|Any CPU.Build.0 = Debug|Any CPU
		{8F44C559-1CD0-4CB6-91CD-AD7004CBCB1F}.Release|Any CPU.ActiveCfg = Release|Any CPU
		{8F44C559-1CD0-4CB6-91CD-AD7004CBCB1F}.Release|Any CPU.Build.0 = Release|Any CPU
	EndGlobalSection
	GlobalSection(SolutionProperties) = preSolution
		HideSolutionNode = FALSE
	EndGlobalSection
	GlobalSection(ExtensibilityGlobals) = postSolution
		SolutionGuid = {5F8AF7BD-22CA-44BA-A3CA-014276B34D33}
	EndGlobalSection
EndGlobal
